
Microsoft Visual Studio Solution File, Format Version 12.00
# Visual Studio 15
VisualStudioVersion = 15.0.28307.1022
MinimumVisualStudioVersion = 10.0.40219.1
Project("{FAE04EC0-301F-11D3-BF4B-00C04F79EFBC}") = "BSIS301.DitoLangMe.API", "BSIS301.DitoLangMe.API\BSIS301.DitoLangMe.API.csproj", "{68F57F72-5211-4B71-8322-65909A965C07}"
EndProject
Project("{FAE04EC0-301F-11D3-BF4B-00C04F79EFBC}") = "BSIS301.DitoLangMe.DataTransferObjects", "BSIS301.DitoLangMe.DataTransferObjects\BSIS301.DitoLangMe.DataTransferObjects.csproj", "{F9B02614-E840-4BE3-8373-49349D9F022A}"
EndProject
Project("{FAE04EC0-301F-11D3-BF4B-00C04F79EFBC}") = "BSIS301.DitoLangme.Web", "BSIS301.DitoLangme.Web\BSIS301.DitoLangme.Web.csproj", "{0F3F178C-9880-4E70-8A8D-0A874B4EB4E5}"
EndProject
Global
	GlobalSection(SolutionConfigurationPlatforms) = preSolution
		Debug|Any CPU = Debug|Any CPU
		Release|Any CPU = Release|Any CPU
	EndGlobalSection
	GlobalSection(ProjectConfigurationPlatforms) = postSolution
		{68F57F72-5211-4B71-8322-65909A965C07}.Debug|Any CPU.ActiveCfg = Debug|Any CPU
		{68F57F72-5211-4B71-8322-65909A965C07}.Debug|Any CPU.Build.0 = Debug|Any CPU
		{68F57F72-5211-4B71-8322-65909A965C07}.Release|Any CPU.ActiveCfg = Release|Any CPU
		{68F57F72-5211-4B71-8322-65909A965C07}.Release|Any CPU.Build.0 = Release|Any CPU
		{F9B02614-E840-4BE3-8373-49349D9F022A}.Debug|Any CPU.ActiveCfg = Debug|Any CPU
		{F9B02614-E840-4BE3-8373-49349D9F022A}.Debug|Any CPU.Build.0 = Debug|Any CPU
		{F9B02614-E840-4BE3-8373-49349D9F022A}.Release|Any CPU.ActiveCfg = Release|Any CPU
		{F9B02614-E840-4BE3-8373-49349D9F022A}.Release|Any CPU.Build.0 = Release|Any CPU
		{0F3F178C-9880-4E70-8A8D-0A874B4EB4E5}.Debug|Any CPU.ActiveCfg = Debug|Any CPU
		{0F3F178C-9880-4E70-8A8D-0A874B4EB4E5}.Debug|Any CPU.Build.0 = Debug|Any CPU
		{0F3F178C-9880-4E70-8A8D-0A874B4EB4E5}.Release|Any CPU.ActiveCfg = Release|Any CPU
		{0F3F178C-9880-4E70-8A8D-0A874B4EB4E5}.Release|Any CPU.Build.0 = Release|Any CPU
	EndGlobalSection
	GlobalSection(SolutionProperties) = preSolution
		HideSolutionNode = FALSE
	EndGlobalSection
	GlobalSection(ExtensibilityGlobals) = postSolution
		SolutionGuid = {0B942935-9F0C-43B9-A976-03D8FD67EA31}
	EndGlobalSection
EndGlobal
